
Microsoft Visual Studio Solution File, Format Version 12.00
# Visual Studio Version 17
VisualStudioVersion = 17.0.32112.339
MinimumVisualStudioVersion = 10.0.40219.1
Project("{FAE04EC0-301F-11D3-BF4B-00C04F79EFBC}") = "TinyTextReaderHost", "TinyTextReaderHost\TinyTextReaderHost.csproj", "{17246F21-3F59-405D-9D9F-4C2F50B204CC}"
EndProject
Global
	GlobalSection(SolutionConfigurationPlatforms) = preSolution
		Debug|Any CPU = Debug|Any CPU
		Release|Any CPU = Release|Any CPU
	EndGlobalSection
	GlobalSection(ProjectConfigurationPlatforms) = postSolution
		{17246F21-3F59-405D-9D9F-4C2F50B204CC}.Debug|Any CPU.ActiveCfg = Debug|Any CPU
		{17246F21-3F59-405D-9D9F-4C2F50B204CC}.Debug|Any CPU.Build.0 = Debug|Any CPU
		{17246F21-3F59-405D-9D9F-4C2F50B204CC}.Release|Any CPU.ActiveCfg = Release|Any CPU
		{17246F21-3F59-405D-9D9F-4C2F50B204CC}.Release|Any CPU.Build.0 = Release|Any CPU
	EndGlobalSection
	GlobalSection(SolutionProperties) = preSolution
		HideSolutionNode = FALSE
	EndGlobalSection
	GlobalSection(ExtensibilityGlobals) = postSolution
		SolutionGuid = {492E6EFC-1955-4B73-9046-E980F2EDE0E9}
	EndGlobalSection
EndGlobal
